
Microsoft Visual Studio Solution File, Format Version 12.00
# Visual Studio Version 17
VisualStudioVersion = 17.9.34622.214
MinimumVisualStudioVersion = 10.0.40219.1
Project("{8BC9CEB8-8B4A-11D0-8D11-00A0C91BC942}") = "007_insertionshort", "007_insertionshort\007_insertionshort.vcxproj", "{07668049-AF49-4B83-8C4F-08FA3155FF4A}"
EndProject
Global
	GlobalSection(SolutionConfigurationPlatforms) = preSolution
		Debug|x64 = Debug|x64
		Debug|x86 = Debug|x86
		Release|x64 = Release|x64
		Release|x86 = Release|x86
	EndGlobalSection
	GlobalSection(ProjectConfigurationPlatforms) = postSolution
		{07668049-AF49-4B83-8C4F-08FA3155FF4A}.Debug|x64.ActiveCfg = Debug|x64
		{07668049-AF49-4B83-8C4F-08FA3155FF4A}.Debug|x64.Build.0 = Debug|x64
		{07668049-AF49-4B83-8C4F-08FA3155FF4A}.Debug|x86.ActiveCfg = Debug|Win32
		{07668049-AF49-4B83-8C4F-08FA3155FF4A}.Debug|x86.Build.0 = Debug|Win32
		{07668049-AF49-4B83-8C4F-08FA3155FF4A}.Release|x64.ActiveCfg = Release|x64
		{07668049-AF49-4B83-8C4F-08FA3155FF4A}.Release|x64.Build.0 = Release|x64
		{07668049-AF49-4B83-8C4F-08FA3155FF4A}.Release|x86.ActiveCfg = Release|Win32
		{07668049-AF49-4B83-8C4F-08FA3155FF4A}.Release|x86.Build.0 = Release|Win32
	EndGlobalSection
	GlobalSection(SolutionProperties) = preSolution
		HideSolutionNode = FALSE
	EndGlobalSection
	GlobalSection(ExtensibilityGlobals) = postSolution
		SolutionGuid = {1F202D66-9B8D-4733-9F4F-C977840CB91D}
	EndGlobalSection
EndGlobal
